
Microsoft Visual Studio Solution File, Format Version 12.00
# Visual Studio Version 17
VisualStudioVersion = 17.3.32929.385
MinimumVisualStudioVersion = 10.0.40219.1
Project("{9A19103F-16F7-4668-BE54-9A1E7A4F7556}") = "JJFC.Web", "JJFC.Web\JJFC.Web.csproj", "{3A8BDE5B-DAA0-48C3-846D-1AD95747E8A0}"
EndProject
Project("{9A19103F-16F7-4668-BE54-9A1E7A4F7556}") = "JJFC.App", "JJFC.App\JJFC.App.csproj", "{A8BB253B-8DE7-4176-85F6-AB6E0C6C1406}"
EndProject
Project("{9A19103F-16F7-4668-BE54-9A1E7A4F7556}") = "JJFC.Models", "JJFC.Models\JJFC.Models.csproj", "{8DE31676-BE4F-40A4-8329-1324AF6999C8}"
EndProject
Global
	GlobalSection(SolutionConfigurationPlatforms) = preSolution
		Debug|Any CPU = Debug|Any CPU
		Release|Any CPU = Release|Any CPU
	EndGlobalSection
	GlobalSection(ProjectConfigurationPlatforms) = postSolution
		{3A8BDE5B-DAA0-48C3-846D-1AD95747E8A0}.Debug|Any CPU.ActiveCfg = Debug|Any CPU
		{3A8BDE5B-DAA0-48C3-846D-1AD95747E8A0}.Debug|Any CPU.Build.0 = Debug|Any CPU
		{3A8BDE5B-DAA0-48C3-846D-1AD95747E8A0}.Release|Any CPU.ActiveCfg = Release|Any CPU
		{3A8BDE5B-DAA0-48C3-846D-1AD95747E8A0}.Release|Any CPU.Build.0 = Release|Any CPU
		{A8BB253B-8DE7-4176-85F6-AB6E0C6C1406}.Debug|Any CPU.ActiveCfg = Debug|Any CPU
		{A8BB253B-8DE7-4176-85F6-AB6E0C6C1406}.Debug|Any CPU.Build.0 = Debug|Any CPU
		{A8BB253B-8DE7-4176-85F6-AB6E0C6C1406}.Release|Any CPU.ActiveCfg = Release|Any CPU
		{A8BB253B-8DE7-4176-85F6-AB6E0C6C1406}.Release|Any CPU.Build.0 = Release|Any CPU
		{8DE31676-BE4F-40A4-8329-1324AF6999C8}.Debug|Any CPU.ActiveCfg = Debug|Any CPU
		{8DE31676-BE4F-40A4-8329-1324AF6999C8}.Debug|Any CPU.Build.0 = Debug|Any CPU
		{8DE31676-BE4F-40A4-8329-1324AF6999C8}.Release|Any CPU.ActiveCfg = Release|Any CPU
		{8DE31676-BE4F-40A4-8329-1324AF6999C8}.Release|Any CPU.Build.0 = Release|Any CPU
	EndGlobalSection
	GlobalSection(SolutionProperties) = preSolution
		HideSolutionNode = FALSE
	EndGlobalSection
	GlobalSection(ExtensibilityGlobals) = postSolution
		SolutionGuid = {CB4EAF46-A849-453A-857E-2DBDD81C59BE}
	EndGlobalSection
EndGlobal
